
Microsoft Visual Studio Solution File, Format Version 12.00
# Visual Studio 15
VisualStudioVersion = 15.0.28307.1209
MinimumVisualStudioVersion = 10.0.40219.1
Project("{FAE04EC0-301F-11D3-BF4B-00C04F79EFBC}") = "CronScheduleDemo", "CronScheduleDemo\CronScheduleDemo.csproj", "{9345C597-F2A8-4B9A-B82C-8FC26A9BFAC5}"
EndProject
Project("{FAE04EC0-301F-11D3-BF4B-00C04F79EFBC}") = "ScheduleTestUnit", "ScheduleTestUnit\ScheduleTestUnit.csproj", "{C70333F1-3E20-44FD-AA6F-7014483BC5C6}"
EndProject
Global
	GlobalSection(SolutionConfigurationPlatforms) = preSolution
		Debug|Any CPU = Debug|Any CPU
		Release|Any CPU = Release|Any CPU
	EndGlobalSection
	GlobalSection(ProjectConfigurationPlatforms) = postSolution
		{9345C597-F2A8-4B9A-B82C-8FC26A9BFAC5}.Debug|Any CPU.ActiveCfg = Debug|Any CPU
		{9345C597-F2A8-4B9A-B82C-8FC26A9BFAC5}.Debug|Any CPU.Build.0 = Debug|Any CPU
		{9345C597-F2A8-4B9A-B82C-8FC26A9BFAC5}.Release|Any CPU.ActiveCfg = Release|Any CPU
		{9345C597-F2A8-4B9A-B82C-8FC26A9BFAC5}.Release|Any CPU.Build.0 = Release|Any CPU
		{C70333F1-3E20-44FD-AA6F-7014483BC5C6}.Debug|Any CPU.ActiveCfg = Debug|Any CPU
		{C70333F1-3E20-44FD-AA6F-7014483BC5C6}.Debug|Any CPU.Build.0 = Debug|Any CPU
		{C70333F1-3E20-44FD-AA6F-7014483BC5C6}.Release|Any CPU.ActiveCfg = Release|Any CPU
		{C70333F1-3E20-44FD-AA6F-7014483BC5C6}.Release|Any CPU.Build.0 = Release|Any CPU
	EndGlobalSection
	GlobalSection(SolutionProperties) = preSolution
		HideSolutionNode = FALSE
	EndGlobalSection
	GlobalSection(ExtensibilityGlobals) = postSolution
		SolutionGuid = {B8925443-F4C5-4CFD-9247-FBFD6F663C2B}
	EndGlobalSection
EndGlobal
